// !$*UTF8*$!
{
	archiveVersion = 1;
	classes = {
	};
	objectVersion = 55;
	objects = {

/* Begin PBXBuildFile section */
		1855AB2C28903E69005E2967 /* AppDelegate.swift in Sources */ = {isa = PBXBuildFile; fileRef = 1855AB2B28903E69005E2967 /* AppDelegate.swift */; };
		1855AB2E28903E69005E2967 /* SceneDelegate.swift in Sources */ = {isa = PBXBuildFile; fileRef = 1855AB2D28903E69005E2967 /* SceneDelegate.swift */; };
		1855AB3028903E69005E2967 /* ViewController.swift in Sources */ = {isa = PBXBuildFile; fileRef = 1855AB2F28903E69005E2967 /* ViewController.swift */; };
		1855AB3328903E69005E2967 /* Main.storyboard in Resources */ = {isa = PBXBuildFile; fileRef = 1855AB3128903E69005E2967 /* Main.storyboard */; };
		1855AB3628903E69005E2967 /* KeystonePark.xcdatamodeld in Sources */ = {isa = PBXBuildFile; fileRef = 1855AB3428903E69005E2967 /* KeystonePark.xcdatamodeld */; };
		1855AB3828903E6B005E2967 /* Assets.xcassets in Resources */ = {isa = PBXBuildFile; fileRef = 1855AB3728903E6B005E2967 /* Assets.xcassets */; };
		1855AB3B28903E6B005E2967 /* LaunchScreen.storyboard in Resources */ = {isa = PBXBuildFile; fileRef = 1855AB3928903E6B005E2967 /* LaunchScreen.storyboard */; };
		1855AB4F289042BA005E2967 /* Student+CoreDataClass.swift in Sources */ = {isa = PBXBuildFile; fileRef = 1855AB4B289042BA005E2967 /* Student+CoreDataClass.swift */; };
		1855AB50289042BA005E2967 /* Student+CoreDataProperties.swift in Sources */ = {isa = PBXBuildFile; fileRef = 1855AB4C289042BA005E2967 /* Student+CoreDataProperties.swift */; };
		1855AB51289042BA005E2967 /* Lesson+CoreDataClass.swift in Sources */ = {isa = PBXBuildFile; fileRef = 1855AB4D289042BA005E2967 /* Lesson+CoreDataClass.swift */; };
		1855AB52289042BA005E2967 /* Lesson+CoreDataProperties.swift in Sources */ = {isa = PBXBuildFile; fileRef = 1855AB4E289042BA005E2967 /* Lesson+CoreDataProperties.swift */; };
/* End PBXBuildFile section */

/* Begin PBXFileReference section */
		1855AB2828903E69005E2967 /* KeystonePark.app */ = {isa = PBXFileReference; explicitFileType = wrapper.application; includeInIndex = 0; path = KeystonePark.app; sourceTree = BUILT_PRODUCTS_DIR; };
		1855AB2B28903E69005E2967 /* AppDelegate.swift */ = {isa = PBXFileReference; lastKnownFileType = sourcecode.swift; path = AppDelegate.swift; sourceTree = "<group>"; };
		1855AB2D28903E69005E2967 /* SceneDelegate.swift */ = {isa = PBXFileReference; lastKnownFileType = sourcecode.swift; path = SceneDelegate.swift; sourceTree = "<group>"; };
		1855AB2F28903E69005E2967 /* ViewController.swift */ = {isa = PBXFileReference; lastKnownFileType = sourcecode.swift; path = ViewController.swift; sourceTree = "<group>"; };
		1855AB3228903E69005E2967 /* Base */ = {isa = PBXFileReference; lastKnownFileType = file.storyboard; name = Base; path = Base.lproj/Main.storyboard; sourceTree = "<group>"; };
		1855AB3528903E69005E2967 /* KeystonePark.xcdatamodel */ = {isa = PBXFileReference; lastKnownFileType = wrapper.xcdatamodel; path = KeystonePark.xcdatamodel; sourceTree = "<group>"; };
		1855AB3728903E6B005E2967 /* Assets.xcassets */ = {isa = PBXFileReference; lastKnownFileType = folder.assetcatalog; path = Assets.xcassets; sourceTree = "<group>"; };
		1855AB3A28903E6B005E2967 /* Base */ = {isa = PBXFileReference; lastKnownFileType = file.storyboard; name = Base; path = Base.lproj/LaunchScreen.storyboard; sourceTree = "<group>"; };
		1855AB3C28903E6B005E2967 /* Info.plist */ = {isa = PBXFileReference; lastKnownFileType = text.plist.xml; path = Info.plist; sourceTree = "<group>"; };
		1855AB4B289042BA005E2967 /* Student+CoreDataClass.swift */ = {isa = PBXFileReference; lastKnownFileType = sourcecode.swift; path = "Student+CoreDataClass.swift"; sourceTree = "<group>"; };
		1855AB4C289042BA005E2967 /* Student+CoreDataProperties.swift */ = {isa = PBXFileReference; lastKnownFileType = sourcecode.swift; path = "Student+CoreDataProperties.swift"; sourceTree = "<group>"; };
		1855AB4D289042BA005E2967 /* Lesson+CoreDataClass.swift */ = {isa = PBXFileReference; lastKnownFileType = sourcecode.swift; path = "Lesson+CoreDataClass.swift"; sourceTree = "<group>"; };
		1855AB4E289042BA005E2967 /* Lesson+CoreDataProperties.swift */ = {isa = PBXFileReference; lastKnownFileType = sourcecode.swift; path = "Lesson+CoreDataProperties.swift"; sourceTree = "<group>"; };
/* End PBXFileReference section */

/* Begin PBXFrameworksBuildPhase section */
		1855AB2528903E69005E2967 /* Frameworks */ = {
			isa = PBXFrameworksBuildPhase;
			buildActionMask = 2147483647;
			files = (
			);
			runOnlyForDeploymentPostprocessing = 0;
		};
/* End PBXFrameworksBuildPhase section */

/* Begin PBXGroup section */
		1855AB1F28903E69005E2967 = {
			isa = PBXGroup;
			children = (
				1855AB2A28903E69005E2967 /* KeystonePark */,
				1855AB2928903E69005E2967 /* Products */,
			);
			sourceTree = "<group>";
		};
		1855AB2928903E69005E2967 /* Products */ = {
			isa = PBXGroup;
			children = (
				1855AB2828903E69005E2967 /* KeystonePark.app */,
			);
			name = Products;
			sourceTree = "<group>";
		};
		1855AB2A28903E69005E2967 /* KeystonePark */ = {
			isa = PBXGroup;
			children = (
				1855AB4A289041DA005E2967 /* datamodel */,
				1855AB2B28903E69005E2967 /* AppDelegate.swift */,
				1855AB2D28903E69005E2967 /* SceneDelegate.swift */,
				1855AB2F28903E69005E2967 /* ViewController.swift */,
				1855AB3128903E69005E2967 /* Main.storyboard */,
				1855AB3728903E6B005E2967 /* Assets.xcassets */,
				1855AB3928903E6B005E2967 /* LaunchScreen.storyboard */,
				1855AB3C28903E6B005E2967 /* Info.plist */,
			);
			path = KeystonePark;
			sourceTree = "<group>";
		};
		1855AB4A289041DA005E2967 /* datamodel */ = {
			isa = PBXGroup;
			children = (
				1855AB4B289042BA005E2967 /* Student+CoreDataClass.swift */,
				1855AB4C289042BA005E2967 /* Student+CoreDataProperties.swift */,
				1855AB4D289042BA005E2967 /* Lesson+CoreDataClass.swift */,
				1855AB4E289042BA005E2967 /* Lesson+CoreDataProperties.swift */,
				1855AB3428903E69005E2967 /* KeystonePark.xcdatamodeld */,
			);
			path = datamodel;
			sourceTree = "<group>";
		};
/* End PBXGroup section */

/* Begin PBXNativeTarget section */
		1855AB2728903E69005E2967 /* KeystonePark */ = {
			isa = PBXNativeTarget;
			buildConfigurationList = 1855AB3F28903E6B005E2967 /* Build configuration list for PBXNativeTarget "KeystonePark" */;
			buildPhases = (
				1855AB2428903E69005E2967 /* Sources */,
				1855AB2528903E69005E2967 /* Frameworks */,
				1855AB2628903E69005E2967 /* Resources */,
			);
			buildRules = (
			);
			dependencies = (
			);
			name = KeystonePark;
			productName = KeystonePark;
			productReference = 1855AB2828903E69005E2967 /* KeystonePark.app */;
			productType = "com.apple.product-type.application";
		};
/* End PBXNativeTarget section */

/* Begin PBXProject section */
		1855AB2028903E69005E2967 /* Project object */ = {
			isa = PBXProject;
			attributes = {
				BuildIndependentTargetsInParallel = 1;
				LastSwiftUpdateCheck = 1340;
				LastUpgradeCheck = 1340;
				TargetAttributes = {
					1855AB2728903E69005E2967 = {
						CreatedOnToolsVersion = 13.4;
					};
				};
			};
			buildConfigurationList = 1855AB2328903E69005E2967 /* Build configuration list for PBXProject "KeystonePark" */;
			compatibilityVersion = "Xcode 13.0";
			developmentRegion = en;
			hasScannedForEncodings = 0;
			knownRegions = (
				en,
				Base,
			);
			mainGroup = 1855AB1F28903E69005E2967;
			productRefGroup = 1855AB2928903E69005E2967 /* Products */;
			projectDirPath = "";
			projectRoot = "";
			targets = (
				1855AB2728903E69005E2967 /* KeystonePark */,
			);
		};
/* End PBXProject section */

/* Begin PBXResourcesBuildPhase section */
		1855AB2628903E69005E2967 /* Resources */ = {
			isa = PBXResourcesBuildPhase;
			buildActionMask = 2147483647;
			files = (
				1855AB3B28903E6B005E2967 /* LaunchScreen.storyboard in Resources */,
				1855AB3828903E6B005E2967 /* Assets.xcassets in Resources */,
				1855AB3328903E69005E2967 /* Main.storyboard in Resources */,
			);
			runOnlyForDeploymentPostprocessing = 0;
		};
/* End PBXResourcesBuildPhase section */

/* Begin PBXSourcesBuildPhase section */
		1855AB2428903E69005E2967 /* Sources */ = {
			isa = PBXSourcesBuildPhase;
			buildActionMask = 2147483647;
			files = (
				1855AB50289042BA005E2967 /* Student+CoreDataProperties.swift in Sources */,
				1855AB52289042BA005E2967 /* Lesson+CoreDataProperties.swift in Sources */,
				1855AB3028903E69005E2967 /* ViewController.swift in Sources */,
				1855AB51289042BA005E2967 /* Lesson+CoreDataClass.swift in Sources */,
				1855AB3628903E69005E2967 /* KeystonePark.xcdatamodeld in Sources */,
				1855AB2C28903E69005E2967 /* AppDelegate.swift in Sources */,
				1855AB2E28903E69005E2967 /* SceneDelegate.swift in Sources */,
				1855AB4F289042BA005E2967 /* Student+CoreDataClass.swift in Sources */,
			);
			runOnlyForDeploymentPostprocessing = 0;
		};
/* End PBXSourcesBuildPhase section */

/* Begin PBXVariantGroup section */
		1855AB3128903E69005E2967 /* Main.storyboard */ = {
			isa = PBXVariantGroup;
			children = (
				1855AB3228903E69005E2967 /* Base */,
			);
			name = Main.storyboard;
			sourceTree = "<group>";
		};
		1855AB3928903E6B005E2967 /* LaunchScreen.storyboard */ = {
			isa = PBXVariantGroup;
			children = (
				1855AB3A28903E6B005E2967 /* Base */,
			);
			name = LaunchScreen.storyboard;
			sourceTree = "<group>";
		};
/* End PBXVariantGroup section */

/* Begin XCBuildConfiguration section */
		1855AB3D28903E6B005E2967 /* Debug */ = {
			isa = XCBuildConfiguration;
			buildSettings = {
				ALWAYS_SEARCH_USER_PATHS = NO;
				CLANG_ANALYZER_NONNULL = YES;
				CLANG_ANALYZER_NUMBER_OBJECT_CONVERSION = YES_AGGRESSIVE;
				CLANG_CXX_LANGUAGE_STANDARD = "gnu++17";
				CLANG_ENABLE_MODULES = YES;
				CLANG_ENABLE_OBJC_ARC = YES;
				CLANG_ENABLE_OBJC_WEAK = YES;
				CLANG_WARN_BLOCK_CAPTURE_AUTORELEASING = YES;
				CLANG_WARN_BOOL_CONVERSION = YES;
				CLANG_WARN_COMMA = YES;
				CLANG_WARN_CONSTANT_CONVERSION = YES;
				CLANG_WARN_DEPRECATED_OBJC_IMPLEMENTATIONS = YES;
				CLANG_WARN_DIRECT_OBJC_ISA_USAGE = YES_ERROR;
				CLANG_WARN_DOCUMENTATION_COMMENTS = YES;
				CLANG_WARN_EMPTY_BODY = YES;
				CLANG_WARN_ENUM_CONVERSION = YES;
				CLANG_WARN_INFINITE_RECURSION = YES;
				CLANG_WARN_INT_CONVERSION = YES;
				CLANG_WARN_NON_LITERAL_NULL_CONVERSION = YES;
				CLANG_WARN_OBJC_IMPLICIT_RETAIN_SELF = YES;
				CLANG_WARN_OBJC_LITERAL_CONVERSION = YES;
				CLANG_WARN_OBJC_ROOT_CLASS = YES_ERROR;
				CLANG_WARN_QUOTED_INCLUDE_IN_FRAMEWORK_HEADER = YES;
				CLANG_WARN_RANGE_LOOP_ANALYSIS = YES;
				CLANG_WARN_STRICT_PROTOTYPES = YES;
				CLANG_WARN_SUSPICIOUS_MOVE = YES;
				CLANG_WARN_UNGUARDED_AVAILABILITY = YES_AGGRESSIVE;
				CLANG_WARN_UNREACHABLE_CODE = YES;
				CLANG_WARN__DUPLICATE_METHOD_MATCH = YES;
				COPY_PHASE_STRIP = NO;
				DEBUG_INFORMATION_FORMAT = dwarf;
				ENABLE_STRICT_OBJC_MSGSEND = YES;
				ENABLE_TESTABILITY = YES;
				GCC_C_LANGUAGE_STANDARD = gnu11;
				GCC_DYNAMIC_NO_PIC = NO;
				GCC_NO_COMMON_BLOCKS = YES;
				GCC_OPTIMIZATION_LEVEL = 0;
				GCC_PREPROCESSOR_DEFINITIONS = (
					"DEBUG=1",
					"$(inherited)",
				);
				GCC_WARN_64_TO_32_BIT_CONVERSION = YES;
				GCC_WARN_ABOUT_RETURN_TYPE = YES_ERROR;
				GCC_WARN_UNDECLARED_SELECTOR = YES;
				GCC_WARN_UNINITIALIZED_AUTOS = YES_AGGRESSIVE;
				GCC_WARN_UNUSED_FUNCTION = YES;
				GCC_WARN_UNUSED_VARIABLE = YES;
				IPHONEOS_DEPLOYMENT_TARGET = 15.5;
				MTL_ENABLE_DEBUG_INFO = INCLUDE_SOURCE;
				MTL_FAST_MATH = YES;
				ONLY_ACTIVE_ARCH = YES;
				SDKROOT = iphoneos;
				SWIFT_ACTIVE_COMPILATION_CONDITIONS = DEBUG;
				SWIFT_OPTIMIZATION_LEVEL = "-Onone";
			};
			name = Debug;
		};
		1855AB3E28903E6B005E2967 /* Release */ = {
			isa = XCBuildConfiguration;
			buildSettings = {
				ALWAYS_SEARCH_USER_PATHS = NO;
				CLANG_ANALYZER_NONNULL = YES;
				CLANG_ANALYZER_NUMBER_OBJECT_CONVERSION = YES_AGGRESSIVE;
				CLANG_CXX_LANGUAGE_STANDARD = "gnu++17";
				CLANG_ENABLE_MODULES = YES;
				CLANG_ENABLE_OBJC_ARC = YES;
				CLANG_ENABLE_OBJC_WEAK = YES;
				CLANG_WARN_BLOCK_CAPTURE_AUTORELEASING = YES;
				CLANG_WARN_BOOL_CONVERSION = YES;
				CLANG_WARN_COMMA = YES;
				CLANG_WARN_CONSTANT_CONVERSION = YES;
				CLANG_WARN_DEPRECATED_OBJC_IMPLEMENTATIONS = YES;
				CLANG_WARN_DIRECT_OBJC_ISA_USAGE = YES_ERROR;
				CLANG_WARN_DOCUMENTATION_COMMENTS = YES;
				CLANG_WARN_EMPTY_BODY = YES;
				CLANG_WARN_ENUM_CONVERSION = YES;
				CLANG_WARN_INFINITE_RECURSION = YES;
				CLANG_WARN_INT_CONVERSION = YES;
				CLANG_WARN_NON_LITERAL_NULL_CONVERSION = YES;
				CLANG_WARN_OBJC_IMPLICIT_RETAIN_SELF = YES;
				CLANG_WARN_OBJC_LITERAL_CONVERSION = YES;
				CLANG_WARN_OBJC_ROOT_CLASS = YES_ERROR;
				CLANG_WARN_QUOTED_INCLUDE_IN_FRAMEWORK_HEADER = YES;
				CLANG_WARN_RANGE_LOOP_ANALYSIS = YES;
				CLANG_WARN_STRICT_PROTOTYPES = YES;
				CLANG_WARN_SUSPICIOUS_MOVE = YES;
				CLANG_WARN_UNGUARDED_AVAILABILITY = YES_AGGRESSIVE;
				CLANG_WARN_UNREACHABLE_CODE = YES;
				CLANG_WARN__DUPLICATE_METHOD_MATCH = YES;
				COPY_PHASE_STRIP = NO;
				DEBUG_INFORMATION_FORMAT = "dwarf-with-dsym";
				ENABLE_NS_ASSERTIONS = NO;
				ENABLE_STRICT_OBJC_MSGSEND = YES;
				GCC_C_LANGUAGE_STANDARD = gnu11;
				GCC_NO_COMMON_BLOCKS = YES;
				GCC_WARN_64_TO_32_BIT_CONVERSION = YES;
				GCC_WARN_ABOUT_RETURN_TYPE = YES_ERROR;
				GCC_WARN_UNDECLARED_SELECTOR = YES;
				GCC_WARN_UNINITIALIZED_AUTOS = YES_AGGRESSIVE;
				GCC_WARN_UNUSED_FUNCTION = YES;
				GCC_WARN_UNUSED_VARIABLE = YES;
				IPHONEOS_DEPLOYMENT_TARGET = 15.5;
				MTL_ENABLE_DEBUG_INFO = NO;
				MTL_FAST_MATH = YES;
				SDKROOT = iphoneos;
				SWIFT_COMPILATION_MODE = wholemodule;
				SWIFT_OPTIMIZATION_LEVEL = "-O";
				VALIDATE_PRODUCT = YES;
			};
			name = Release;
		};
		1855AB4028903E6B005E2967 /* Debug */ = {
			isa = XCBuildConfiguration;
			buildSettings = {
				ASSETCATALOG_COMPILER_APPICON_NAME = AppIcon;
				ASSETCATALOG_COMPILER_GLOBAL_ACCENT_COLOR_NAME = AccentColor;
				CODE_SIGN_STYLE = Automatic;
				CURRENT_PROJECT_VERSION = 1;
				DEVELOPMENT_TEAM = 7L552PX75S;
				GENERATE_INFOPLIST_FILE = YES;
				INFOPLIST_FILE = KeystonePark/Info.plist;
				INFOPLIST_KEY_UIApplicationSupportsIndirectInputEvents = YES;
				INFOPLIST_KEY_UILaunchStoryboardName = LaunchScreen;
				INFOPLIST_KEY_UIMainStoryboardFile = Main;
				INFOPLIST_KEY_UISupportedInterfaceOrientations_iPad = "UIInterfaceOrientationPortrait UIInterfaceOrientationPortraitUpsideDown UIInterfaceOrientationLandscapeLeft UIInterfaceOrientationLandscapeRight";
				INFOPLIST_KEY_UISupportedInterfaceOrientations_iPhone = "UIInterfaceOrientationPortrait UIInterfaceOrientationLandscapeLeft UIInterfaceOrientationLandscapeRight";
				LD_RUNPATH_SEARCH_PATHS = (
					"$(inherited)",
					"@executable_path/Frameworks",
				);
				MARKETING_VERSION = 1.0;
				PRODUCT_BUNDLE_IDENTIFIER = Project.KeystonePark;
				PRODUCT_NAME = "$(TARGET_NAME)";
				SWIFT_EMIT_LOC_STRINGS = YES;
				SWIFT_VERSION = 5.0;
				TARGETED_DEVICE_FAMILY = "1,2";
			};
			name = Debug;
		};
		1855AB4128903E6B005E2967 /* Release */ = {
			isa = XCBuildConfiguration;
			buildSettings = {
				ASSETCATALOG_COMPILER_APPICON_NAME = AppIcon;
				ASSETCATALOG_COMPILER_GLOBAL_ACCENT_COLOR_NAME = AccentColor;
				CODE_SIGN_STYLE = Automatic;
				CURRENT_PROJECT_VERSION = 1;
				DEVELOPMENT_TEAM = 7L552PX75S;
				GENERATE_INFOPLIST_FILE = YES;
				INFOPLIST_FILE = KeystonePark/Info.plist;
				INFOPLIST_KEY_UIApplicationSupportsIndirectInputEvents = YES;
				INFOPLIST_KEY_UILaunchStoryboardName = LaunchScreen;
				INFOPLIST_KEY_UIMainStoryboardFile = Main;
				INFOPLIST_KEY_UISupportedInterfaceOrientations_iPad = "UIInterfaceOrientationPortrait UIInterfaceOrientationPortraitUpsideDown UIInterfaceOrientationLandscapeLeft UIInterfaceOrientationLandscapeRight";
				INFOPLIST_KEY_UISupportedInterfaceOrientations_iPhone = "UIInterfaceOrientationPortrait UIInterfaceOrientationLandscapeLeft UIInterfaceOrientationLandscapeRight";
				LD_RUNPATH_SEARCH_PATHS = (
					"$(inherited)",
					"@executable_path/Frameworks",
				);
				MARKETING_VERSION = 1.0;
				PRODUCT_BUNDLE_IDENTIFIER = Project.KeystonePark;
				PRODUCT_NAME = "$(TARGET_NAME)";
				SWIFT_EMIT_LOC_STRINGS = YES;
				SWIFT_VERSION = 5.0;
				TARGETED_DEVICE_FAMILY = "1,2";
			};
			name = Release;
		};
/* End XCBuildConfiguration section */

/* Begin XCConfigurationList section */
		1855AB2328903E69005E2967 /* Build configuration list for PBXProject "KeystonePark" */ = {
			isa = XCConfigurationList;
			buildConfigurations = (
				1855AB3D28903E6B005E2967 /* Debug */,
				1855AB3E28903E6B005E2967 /* Release */,
			);
			defaultConfigurationIsVisible = 0;
			defaultConfigurationName = Release;
		};
		1855AB3F28903E6B005E2967 /* Build configuration list for PBXNativeTarget "KeystonePark" */ = {
			isa = XCConfigurationList;
			buildConfigurations = (
				1855AB4028903E6B005E2967 /* Debug */,
				1855AB4128903E6B005E2967 /* Release */,
			);
			defaultConfigurationIsVisible = 0;
			defaultConfigurationName = Release;
		};
/* End XCConfigurationList section */

/* Begin XCVersionGroup section */
		1855AB3428903E69005E2967 /* KeystonePark.xcdatamodeld */ = {
			isa = XCVersionGroup;
			children = (
				1855AB3528903E69005E2967 /* KeystonePark.xcdatamodel */,
			);
			currentVersion = 1855AB3528903E69005E2967 /* KeystonePark.xcdatamodel */;
			path = KeystonePark.xcdatamodeld;
			sourceTree = "<group>";
			versionGroupType = wrapper.xcdatamodel;
		};
/* End XCVersionGroup section */
	};
	rootObject = 1855AB2028903E69005E2967 /* Project object */;
}
